<Solution>
  <Folder Name="/src/">
    <Project Path="src/Telekinesis.Abstractions/Telekinesis.Abstractions.csproj" />
    <Project Path="src/Telekinesis.Cli/Telekinesis.Cli.csproj" />
    <Project Path="src/Telekinesis.Linux/Telekinesis.Linux.csproj" />
    <Project Path="src/Telekinesis.Windows/Telekinesis.Windows.csproj" />
  </Folder>
</Solution>
