<Solution>
  <Folder Name="/samples/">
    <Project Path="samples/FormGauntlet/FormGauntlet.csproj" />
    <Project Path="samples/PongWars/PongWars.csproj" />
    <Project Path="samples/WhackAMole/WhackAMole.csproj" />
  </Folder>
  <Folder Name="/src/">
    <Project Path="src/Telekinesis.Abstractions/Telekinesis.Abstractions.csproj" />
    <Project Path="src/Telekinesis.Cli/Telekinesis.Cli.csproj" />
    <Project Path="src/Telekinesis.Cli.Tests/Telekinesis.Cli.Tests.csproj" />
    <Project Path="src/Telekinesis.Linux/Telekinesis.Linux.csproj" />
    <Project Path="src/Telekinesis.MacOS/Telekinesis.MacOS.csproj" />
    <Project Path="src/Telekinesis.Pilot/Telekinesis.Pilot.csproj" />
    <Project Path="src/Telekinesis.Vision/Telekinesis.Vision.csproj" />
    <Project Path="src/Telekinesis.Windows/Telekinesis.Windows.csproj" />
  </Folder>
</Solution>
